// !$*UTF8*$!
{
	archiveVersion = 1;
	classes = {
	};
	objectVersion = 48;
	objects = {

/* Begin PBXBuildFile section */
		EA2B99A01FA39E600021803A /* AppDelegate.swift in Sources */ = {isa = PBXBuildFile; fileRef = EA2B999F1FA39E600021803A /* AppDelegate.swift */; };
		EA2B99A21FA39E600021803A /* ViewController.swift in Sources */ = {isa = PBXBuildFile; fileRef = EA2B99A11FA39E600021803A /* ViewController.swift */; };
		EA2B99A51FA39E600021803A /* Main.storyboard in Resources */ = {isa = PBXBuildFile; fileRef = EA2B99A31FA39E600021803A /* Main.storyboard */; };
		EA2B99A71FA39E600021803A /* Assets.xcassets in Resources */ = {isa = PBXBuildFile; fileRef = EA2B99A61FA39E600021803A /* Assets.xcassets */; };
		EA2B99AA1FA39E600021803A /* LaunchScreen.storyboard in Resources */ = {isa = PBXBuildFile; fileRef = EA2B99A81FA39E600021803A /* LaunchScreen.storyboard */; };
		EA2B99B51FA39E600021803A /* JapaneseAppTests.swift in Sources */ = {isa = PBXBuildFile; fileRef = EA2B99B41FA39E600021803A /* JapaneseAppTests.swift */; };
		EA2B99C01FA39E600021803A /* JapaneseAppUITests.swift in Sources */ = {isa = PBXBuildFile; fileRef = EA2B99BF1FA39E600021803A /* JapaneseAppUITests.swift */; };
/* End PBXBuildFile section */

/* Begin PBXContainerItemProxy section */
		EA2B99B11FA39E600021803A /* PBXContainerItemProxy */ = {
			isa = PBXContainerItemProxy;
			containerPortal = EA2B99941FA39E600021803A /* Project object */;
			proxyType = 1;
			remoteGlobalIDString = EA2B999B1FA39E600021803A;
			remoteInfo = JapaneseApp;
		};
		EA2B99BC1FA39E600021803A /* PBXContainerItemProxy */ = {
			isa = PBXContainerItemProxy;
			containerPortal = EA2B99941FA39E600021803A /* Project object */;
			proxyType = 1;
			remoteGlobalIDString = EA2B999B1FA39E600021803A;
			remoteInfo = JapaneseApp;
		};
/* End PBXContainerItemProxy section */

/* Begin PBXFileReference section */
		EA2B999C1FA39E600021803A /* JapaneseApp.app */ = {isa = PBXFileReference; explicitFileType = wrapper.application; includeInIndex = 0; path = JapaneseApp.app; sourceTree = BUILT_PRODUCTS_DIR; };
		EA2B999F1FA39E600021803A /* AppDelegate.swift */ = {isa = PBXFileReference; lastKnownFileType = sourcecode.swift; path = AppDelegate.swift; sourceTree = "<group>"; };
		EA2B99A11FA39E600021803A /* ViewController.swift */ = {isa = PBXFileReference; lastKnownFileType = sourcecode.swift; path = ViewController.swift; sourceTree = "<group>"; };
		EA2B99A41FA39E600021803A /* Base */ = {isa = PBXFileReference; lastKnownFileType = file.storyboard; name = Base; path = Base.lproj/Main.storyboard; sourceTree = "<group>"; };
		EA2B99A61FA39E600021803A /* Assets.xcassets */ = {isa = PBXFileReference; lastKnownFileType = folder.assetcatalog; path = Assets.xcassets; sourceTree = "<group>"; };
		EA2B99A91FA39E600021803A /* Base */ = {isa = PBXFileReference; lastKnownFileType = file.storyboard; name = Base; path = Base.lproj/LaunchScreen.storyboard; sourceTree = "<group>"; };
		EA2B99AB1FA39E600021803A /* Info.plist */ = {isa = PBXFileReference; lastKnownFileType = text.plist.xml; path = Info.plist; sourceTree = "<group>"; };
		EA2B99B01FA39E600021803A /* JapaneseAppTests.xctest */ = {isa = PBXFileReference; explicitFileType = wrapper.cfbundle; includeInIndex = 0; path = JapaneseAppTests.xctest; sourceTree = BUILT_PRODUCTS_DIR; };
		EA2B99B41FA39E600021803A /* JapaneseAppTests.swift */ = {isa = PBXFileReference; lastKnownFileType = sourcecode.swift; path = JapaneseAppTests.swift; sourceTree = "<group>"; };
		EA2B99B61FA39E600021803A /* Info.plist */ = {isa = PBXFileReference; lastKnownFileType = text.plist.xml; path = Info.plist; sourceTree = "<group>"; };
		EA2B99BB1FA39E600021803A /* JapaneseAppUITests.xctest */ = {isa = PBXFileReference; explicitFileType = wrapper.cfbundle; includeInIndex = 0; path = JapaneseAppUITests.xctest; sourceTree = BUILT_PRODUCTS_DIR; };
		EA2B99BF1FA39E600021803A /* JapaneseAppUITests.swift */ = {isa = PBXFileReference; lastKnownFileType = sourcecode.swift; path = JapaneseAppUITests.swift; sourceTree = "<group>"; };
		EA2B99C11FA39E600021803A /* Info.plist */ = {isa = PBXFileReference; lastKnownFileType = text.plist.xml; path = Info.plist; sourceTree = "<group>"; };
/* End PBXFileReference section */

/* Begin PBXFrameworksBuildPhase section */
		EA2B99991FA39E600021803A /* Frameworks */ = {
			isa = PBXFrameworksBuildPhase;
			buildActionMask = 2147483647;
			files = (
			);
			runOnlyForDeploymentPostprocessing = 0;
		};
		EA2B99AD1FA39E600021803A /* Frameworks */ = {
			isa = PBXFrameworksBuildPhase;
			buildActionMask = 2147483647;
			files = (
			);
			runOnlyForDeploymentPostprocessing = 0;
		};
		EA2B99B81FA39E600021803A /* Frameworks */ = {
			isa = PBXFrameworksBuildPhase;
			buildActionMask = 2147483647;
			files = (
			);
			runOnlyForDeploymentPostprocessing = 0;
		};
/* End PBXFrameworksBuildPhase section */

/* Begin PBXGroup section */
		EA2B99931FA39E600021803A = {
			isa = PBXGroup;
			children = (
				EA2B999E1FA39E600021803A /* JapaneseApp */,
				EA2B99B31FA39E600021803A /* JapaneseAppTests */,
				EA2B99BE1FA39E600021803A /* JapaneseAppUITests */,
				EA2B999D1FA39E600021803A /* Products */,
			);
			sourceTree = "<group>";
		};
		EA2B999D1FA39E600021803A /* Products */ = {
			isa = PBXGroup;
			children = (
				EA2B999C1FA39E600021803A /* JapaneseApp.app */,
				EA2B99B01FA39E600021803A /* JapaneseAppTests.xctest */,
				EA2B99BB1FA39E600021803A /* JapaneseAppUITests.xctest */,
			);
			name = Products;
			sourceTree = "<group>";
		};
		EA2B999E1FA39E600021803A /* JapaneseApp */ = {
			isa = PBXGroup;
			children = (
				EA2B999F1FA39E600021803A /* AppDelegate.swift */,
				EA2B99A11FA39E600021803A /* ViewController.swift */,
				EA2B99A31FA39E600021803A /* Main.storyboard */,
				EA2B99A61FA39E600021803A /* Assets.xcassets */,
				EA2B99A81FA39E600021803A /* LaunchScreen.storyboard */,
				EA2B99AB1FA39E600021803A /* Info.plist */,
			);
			path = JapaneseApp;
			sourceTree = "<group>";
		};
		EA2B99B31FA39E600021803A /* JapaneseAppTests */ = {
			isa = PBXGroup;
			children = (
				EA2B99B41FA39E600021803A /* JapaneseAppTests.swift */,
				EA2B99B61FA39E600021803A /* Info.plist */,
			);
			path = JapaneseAppTests;
			sourceTree = "<group>";
		};
		EA2B99BE1FA39E600021803A /* JapaneseAppUITests */ = {
			isa = PBXGroup;
			children = (
				EA2B99BF1FA39E600021803A /* JapaneseAppUITests.swift */,
				EA2B99C11FA39E600021803A /* Info.plist */,
			);
			path = JapaneseAppUITests;
			sourceTree = "<group>";
		};
/* End PBXGroup section */

/* Begin PBXNativeTarget section */
		EA2B999B1FA39E600021803A /* JapaneseApp */ = {
			isa = PBXNativeTarget;
			buildConfigurationList = EA2B99C41FA39E600021803A /* Build configuration list for PBXNativeTarget "JapaneseApp" */;
			buildPhases = (
				EA2B99981FA39E600021803A /* Sources */,
				EA2B99991FA39E600021803A /* Frameworks */,
				EA2B999A1FA39E600021803A /* Resources */,
			);
			buildRules = (
			);
			dependencies = (
			);
			name = JapaneseApp;
			productName = JapaneseApp;
			productReference = EA2B999C1FA39E600021803A /* JapaneseApp.app */;
			productType = "com.apple.product-type.application";
		};
		EA2B99AF1FA39E600021803A /* JapaneseAppTests */ = {
			isa = PBXNativeTarget;
			buildConfigurationList = EA2B99C71FA39E600021803A /* Build configuration list for PBXNativeTarget "JapaneseAppTests" */;
			buildPhases = (
				EA2B99AC1FA39E600021803A /* Sources */,
				EA2B99AD1FA39E600021803A /* Frameworks */,
				EA2B99AE1FA39E600021803A /* Resources */,
			);
			buildRules = (
			);
			dependencies = (
				EA2B99B21FA39E600021803A /* PBXTargetDependency */,
			);
			name = JapaneseAppTests;
			productName = JapaneseAppTests;
			productReference = EA2B99B01FA39E600021803A /* JapaneseAppTests.xctest */;
			productType = "com.apple.product-type.bundle.unit-test";
		};
		EA2B99BA1FA39E600021803A /* JapaneseAppUITests */ = {
			isa = PBXNativeTarget;
			buildConfigurationList = EA2B99CA1FA39E600021803A /* Build configuration list for PBXNativeTarget "JapaneseAppUITests" */;
			buildPhases = (
				EA2B99B71FA39E600021803A /* Sources */,
				EA2B99B81FA39E600021803A /* Frameworks */,
				EA2B99B91FA39E600021803A /* Resources */,
			);
			buildRules = (
			);
			dependencies = (
				EA2B99BD1FA39E600021803A /* PBXTargetDependency */,
			);
			name = JapaneseAppUITests;
			productName = JapaneseAppUITests;
			productReference = EA2B99BB1FA39E600021803A /* JapaneseAppUITests.xctest */;
			productType = "com.apple.product-type.bundle.ui-testing";
		};
/* End PBXNativeTarget section */

/* Begin PBXProject section */
		EA2B99941FA39E600021803A /* Project object */ = {
			isa = PBXProject;
			attributes = {
				LastSwiftUpdateCheck = 0900;
				LastUpgradeCheck = 0900;
				ORGANIZATIONNAME = kmmk;
				TargetAttributes = {
					EA2B999B1FA39E600021803A = {
						CreatedOnToolsVersion = 9.0.1;
						ProvisioningStyle = Automatic;
					};
					EA2B99AF1FA39E600021803A = {
						CreatedOnToolsVersion = 9.0.1;
						ProvisioningStyle = Automatic;
						TestTargetID = EA2B999B1FA39E600021803A;
					};
					EA2B99BA1FA39E600021803A = {
						CreatedOnToolsVersion = 9.0.1;
						ProvisioningStyle = Automatic;
						TestTargetID = EA2B999B1FA39E600021803A;
					};
				};
			};
			buildConfigurationList = EA2B99971FA39E600021803A /* Build configuration list for PBXProject "JapaneseApp" */;
			compatibilityVersion = "Xcode 8.0";
			developmentRegion = en;
			hasScannedForEncodings = 0;
			knownRegions = (
				en,
				Base,
			);
			mainGroup = EA2B99931FA39E600021803A;
			productRefGroup = EA2B999D1FA39E600021803A /* Products */;
			projectDirPath = "";
			projectRoot = "";
			targets = (
				EA2B999B1FA39E600021803A /* JapaneseApp */,
				EA2B99AF1FA39E600021803A /* JapaneseAppTests */,
				EA2B99BA1FA39E600021803A /* JapaneseAppUITests */,
			);
		};
/* End PBXProject section */

/* Begin PBXResourcesBuildPhase section */
		EA2B999A1FA39E600021803A /* Resources */ = {
			isa = PBXResourcesBuildPhase;
			buildActionMask = 2147483647;
			files = (
				EA2B99AA1FA39E600021803A /* LaunchScreen.storyboard in Resources */,
				EA2B99A71FA39E600021803A /* Assets.xcassets in Resources */,
				EA2B99A51FA39E600021803A /* Main.storyboard in Resources */,
			);
			runOnlyForDeploymentPostprocessing = 0;
		};
		EA2B99AE1FA39E600021803A /* Resources */ = {
			isa = PBXResourcesBuildPhase;
			buildActionMask = 2147483647;
			files = (
			);
			runOnlyForDeploymentPostprocessing = 0;
		};
		EA2B99B91FA39E600021803A /* Resources */ = {
			isa = PBXResourcesBuildPhase;
			buildActionMask = 2147483647;
			files = (
			);
			runOnlyForDeploymentPostprocessing = 0;
		};
/* End PBXResourcesBuildPhase section */

/* Begin PBXSourcesBuildPhase section */
		EA2B99981FA39E600021803A /* Sources */ = {
			isa = PBXSourcesBuildPhase;
			buildActionMask = 2147483647;
			files = (
				EA2B99A21FA39E600021803A /* ViewController.swift in Sources */,
				EA2B99A01FA39E600021803A /* AppDelegate.swift in Sources */,
			);
			runOnlyForDeploymentPostprocessing = 0;
		};
		EA2B99AC1FA39E600021803A /* Sources */ = {
			isa = PBXSourcesBuildPhase;
			buildActionMask = 2147483647;
			files = (
				EA2B99B51FA39E600021803A /* JapaneseAppTests.swift in Sources */,
			);
			runOnlyForDeploymentPostprocessing = 0;
		};
		EA2B99B71FA39E600021803A /* Sources */ = {
			isa = PBXSourcesBuildPhase;
			buildActionMask = 2147483647;
			files = (
				EA2B99C01FA39E600021803A /* JapaneseAppUITests.swift in Sources */,
			);
			runOnlyForDeploymentPostprocessing = 0;
		};
/* End PBXSourcesBuildPhase section */

/* Begin PBXTargetDependency section */
		EA2B99B21FA39E600021803A /* PBXTargetDependency */ = {
			isa = PBXTargetDependency;
			target = EA2B999B1FA39E600021803A /* JapaneseApp */;
			targetProxy = EA2B99B11FA39E600021803A /* PBXContainerItemProxy */;
		};
		EA2B99BD1FA39E600021803A /* PBXTargetDependency */ = {
			isa = PBXTargetDependency;
			target = EA2B999B1FA39E600021803A /* JapaneseApp */;
			targetProxy = EA2B99BC1FA39E600021803A /* PBXContainerItemProxy */;
		};
/* End PBXTargetDependency section */

/* Begin PBXVariantGroup section */
		EA2B99A31FA39E600021803A /* Main.storyboard */ = {
			isa = PBXVariantGroup;
			children = (
				EA2B99A41FA39E600021803A /* Base */,
			);
			name = Main.storyboard;
			sourceTree = "<group>";
		};
		EA2B99A81FA39E600021803A /* LaunchScreen.storyboard */ = {
			isa = PBXVariantGroup;
			children = (
				EA2B99A91FA39E600021803A /* Base */,
			);
			name = LaunchScreen.storyboard;
			sourceTree = "<group>";
		};
/* End PBXVariantGroup section */

/* Begin XCBuildConfiguration section */
		EA2B99C21FA39E600021803A /* Debug */ = {
			isa = XCBuildConfiguration;
			buildSettings = {
				ALWAYS_SEARCH_USER_PATHS = NO;
				CLANG_ANALYZER_NONNULL = YES;
				CLANG_ANALYZER_NUMBER_OBJECT_CONVERSION = YES_AGGRESSIVE;
				CLANG_CXX_LANGUAGE_STANDARD = "gnu++14";
				CLANG_CXX_LIBRARY = "libc++";
				CLANG_ENABLE_MODULES = YES;
				CLANG_ENABLE_OBJC_ARC = YES;
				CLANG_WARN_BLOCK_CAPTURE_AUTORELEASING = YES;
				CLANG_WARN_BOOL_CONVERSION = YES;
				CLANG_WARN_COMMA = YES;
				CLANG_WARN_CONSTANT_CONVERSION = YES;
				CLANG_WARN_DIRECT_OBJC_ISA_USAGE = YES_ERROR;
				CLANG_WARN_DOCUMENTATION_COMMENTS = YES;
				CLANG_WARN_EMPTY_BODY = YES;
				CLANG_WARN_ENUM_CONVERSION = YES;
				CLANG_WARN_INFINITE_RECURSION = YES;
				CLANG_WARN_INT_CONVERSION = YES;
				CLANG_WARN_NON_LITERAL_NULL_CONVERSION = YES;
				CLANG_WARN_OBJC_LITERAL_CONVERSION = YES;
				CLANG_WARN_OBJC_ROOT_CLASS = YES_ERROR;
				CLANG_WARN_RANGE_LOOP_ANALYSIS = YES;
				CLANG_WARN_STRICT_PROTOTYPES = YES;
				CLANG_WARN_SUSPICIOUS_MOVE = YES;
				CLANG_WARN_UNGUARDED_AVAILABILITY = YES_AGGRESSIVE;
				CLANG_WARN_UNREACHABLE_CODE = YES;
				CLANG_WARN__DUPLICATE_METHOD_MATCH = YES;
				CODE_SIGN_IDENTITY = "iPhone Developer";
				COPY_PHASE_STRIP = NO;
				DEBUG_INFORMATION_FORMAT = dwarf;
				ENABLE_STRICT_OBJC_MSGSEND = YES;
				ENABLE_TESTABILITY = YES;
				GCC_C_LANGUAGE_STANDARD = gnu11;
				GCC_DYNAMIC_NO_PIC = NO;
				GCC_NO_COMMON_BLOCKS = YES;
				GCC_OPTIMIZATION_LEVEL = 0;
				GCC_PREPROCESSOR_DEFINITIONS = (
					"DEBUG=1",
					"$(inherited)",
				);
				GCC_WARN_64_TO_32_BIT_CONVERSION = YES;
				GCC_WARN_ABOUT_RETURN_TYPE = YES_ERROR;
				GCC_WARN_UNDECLARED_SELECTOR = YES;
				GCC_WARN_UNINITIALIZED_AUTOS = YES_AGGRESSIVE;
				GCC_WARN_UNUSED_FUNCTION = YES;
				GCC_WARN_UNUSED_VARIABLE = YES;
				IPHONEOS_DEPLOYMENT_TARGET = 11.0;
				MTL_ENABLE_DEBUG_INFO = YES;
				ONLY_ACTIVE_ARCH = YES;
				SDKROOT = iphoneos;
				SWIFT_ACTIVE_COMPILATION_CONDITIONS = DEBUG;
				SWIFT_OPTIMIZATION_LEVEL = "-Onone";
			};
			name = Debug;
		};
		EA2B99C31FA39E600021803A /* Release */ = {
			isa = XCBuildConfiguration;
			buildSettings = {
				ALWAYS_SEARCH_USER_PATHS = NO;
				CLANG_ANALYZER_NONNULL = YES;
				CLANG_ANALYZER_NUMBER_OBJECT_CONVERSION = YES_AGGRESSIVE;
				CLANG_CXX_LANGUAGE_STANDARD = "gnu++14";
				CLANG_CXX_LIBRARY = "libc++";
				CLANG_ENABLE_MODULES = YES;
				CLANG_ENABLE_OBJC_ARC = YES;
				CLANG_WARN_BLOCK_CAPTURE_AUTORELEASING = YES;
				CLANG_WARN_BOOL_CONVERSION = YES;
				CLANG_WARN_COMMA = YES;
				CLANG_WARN_CONSTANT_CONVERSION = YES;
				CLANG_WARN_DIRECT_OBJC_ISA_USAGE = YES_ERROR;
				CLANG_WARN_DOCUMENTATION_COMMENTS = YES;
				CLANG_WARN_EMPTY_BODY = YES;
				CLANG_WARN_ENUM_CONVERSION = YES;
				CLANG_WARN_INFINITE_RECURSION = YES;
				CLANG_WARN_INT_CONVERSION = YES;
				CLANG_WARN_NON_LITERAL_NULL_CONVERSION = YES;
				CLANG_WARN_OBJC_LITERAL_CONVERSION = YES;
				CLANG_WARN_OBJC_ROOT_CLASS = YES_ERROR;
				CLANG_WARN_RANGE_LOOP_ANALYSIS = YES;
				CLANG_WARN_STRICT_PROTOTYPES = YES;
				CLANG_WARN_SUSPICIOUS_MOVE = YES;
				CLANG_WARN_UNGUARDED_AVAILABILITY = YES_AGGRESSIVE;
				CLANG_WARN_UNREACHABLE_CODE = YES;
				CLANG_WARN__DUPLICATE_METHOD_MATCH = YES;
				CODE_SIGN_IDENTITY = "iPhone Developer";
				COPY_PHASE_STRIP = NO;
				DEBUG_INFORMATION_FORMAT = "dwarf-with-dsym";
				ENABLE_NS_ASSERTIONS = NO;
				ENABLE_STRICT_OBJC_MSGSEND = YES;
				GCC_C_LANGUAGE_STANDARD = gnu11;
				GCC_NO_COMMON_BLOCKS = YES;
				GCC_WARN_64_TO_32_BIT_CONVERSION = YES;
				GCC_WARN_ABOUT_RETURN_TYPE = YES_ERROR;
				GCC_WARN_UNDECLARED_SELECTOR = YES;
				GCC_WARN_UNINITIALIZED_AUTOS = YES_AGGRESSIVE;
				GCC_WARN_UNUSED_FUNCTION = YES;
				GCC_WARN_UNUSED_VARIABLE = YES;
				IPHONEOS_DEPLOYMENT_TARGET = 11.0;
				MTL_ENABLE_DEBUG_INFO = NO;
				SDKROOT = iphoneos;
				SWIFT_OPTIMIZATION_LEVEL = "-Owholemodule";
				VALIDATE_PRODUCT = YES;
			};
			name = Release;
		};
		EA2B99C51FA39E600021803A /* Debug */ = {
			isa = XCBuildConfiguration;
			buildSettings = {
				ASSETCATALOG_COMPILER_APPICON_NAME = AppIcon;
				CODE_SIGN_STYLE = Automatic;
				INFOPLIST_FILE = JapaneseApp/Info.plist;
				LD_RUNPATH_SEARCH_PATHS = "$(inherited) @executable_path/Frameworks";
				PRODUCT_BUNDLE_IDENTIFIER = kmmk.JapaneseApp;
				PRODUCT_NAME = "$(TARGET_NAME)";
				SWIFT_VERSION = 4.0;
				TARGETED_DEVICE_FAMILY = "1,2";
			};
			name = Debug;
		};
		EA2B99C61FA39E600021803A /* Release */ = {
			isa = XCBuildConfiguration;
			buildSettings = {
				ASSETCATALOG_COMPILER_APPICON_NAME = AppIcon;
				CODE_SIGN_STYLE = Automatic;
				INFOPLIST_FILE = JapaneseApp/Info.plist;
				LD_RUNPATH_SEARCH_PATHS = "$(inherited) @executable_path/Frameworks";
				PRODUCT_BUNDLE_IDENTIFIER = kmmk.JapaneseApp;
				PRODUCT_NAME = "$(TARGET_NAME)";
				SWIFT_VERSION = 4.0;
				TARGETED_DEVICE_FAMILY = "1,2";
			};
			name = Release;
		};
		EA2B99C81FA39E600021803A /* Debug */ = {
			isa = XCBuildConfiguration;
			buildSettings = {
				ALWAYS_EMBED_SWIFT_STANDARD_LIBRARIES = YES;
				BUNDLE_LOADER = "$(TEST_HOST)";
				CODE_SIGN_STYLE = Automatic;
				INFOPLIST_FILE = JapaneseAppTests/Info.plist;
				LD_RUNPATH_SEARCH_PATHS = "$(inherited) @executable_path/Frameworks @loader_path/Frameworks";
				PRODUCT_BUNDLE_IDENTIFIER = kmmk.JapaneseAppTests;
				PRODUCT_NAME = "$(TARGET_NAME)";
				SWIFT_VERSION = 4.0;
				TARGETED_DEVICE_FAMILY = "1,2";
				TEST_HOST = "$(BUILT_PRODUCTS_DIR)/JapaneseApp.app/JapaneseApp";
			};
			name = Debug;
		};
		EA2B99C91FA39E600021803A /* Release */ = {
			isa = XCBuildConfiguration;
			buildSettings = {
				ALWAYS_EMBED_SWIFT_STANDARD_LIBRARIES = YES;
				BUNDLE_LOADER = "$(TEST_HOST)";
				CODE_SIGN_STYLE = Automatic;
				INFOPLIST_FILE = JapaneseAppTests/Info.plist;
				LD_RUNPATH_SEARCH_PATHS = "$(inherited) @executable_path/Frameworks @loader_path/Frameworks";
				PRODUCT_BUNDLE_IDENTIFIER = kmmk.JapaneseAppTests;
				PRODUCT_NAME = "$(TARGET_NAME)";
				SWIFT_VERSION = 4.0;
				TARGETED_DEVICE_FAMILY = "1,2";
				TEST_HOST = "$(BUILT_PRODUCTS_DIR)/JapaneseApp.app/JapaneseApp";
			};
			name = Release;
		};
		EA2B99CB1FA39E600021803A /* Debug */ = {
			isa = XCBuildConfiguration;
			buildSettings = {
				ALWAYS_EMBED_SWIFT_STANDARD_LIBRARIES = YES;
				CODE_SIGN_STYLE = Automatic;
				INFOPLIST_FILE = JapaneseAppUITests/Info.plist;
				LD_RUNPATH_SEARCH_PATHS = "$(inherited) @executable_path/Frameworks @loader_path/Frameworks";
				PRODUCT_BUNDLE_IDENTIFIER = kmmk.JapaneseAppUITests;
				PRODUCT_NAME = "$(TARGET_NAME)";
				SWIFT_VERSION = 4.0;
				TARGETED_DEVICE_FAMILY = "1,2";
				TEST_TARGET_NAME = JapaneseApp;
			};
			name = Debug;
		};
		EA2B99CC1FA39E600021803A /* Release */ = {
			isa = XCBuildConfiguration;
			buildSettings = {
				ALWAYS_EMBED_SWIFT_STANDARD_LIBRARIES = YES;
				CODE_SIGN_STYLE = Automatic;
				INFOPLIST_FILE = JapaneseAppUITests/Info.plist;
				LD_RUNPATH_SEARCH_PATHS = "$(inherited) @executable_path/Frameworks @loader_path/Frameworks";
				PRODUCT_BUNDLE_IDENTIFIER = kmmk.JapaneseAppUITests;
				PRODUCT_NAME = "$(TARGET_NAME)";
				SWIFT_VERSION = 4.0;
				TARGETED_DEVICE_FAMILY = "1,2";
				TEST_TARGET_NAME = JapaneseApp;
			};
			name = Release;
		};
/* End XCBuildConfiguration section */

/* Begin XCConfigurationList section */
		EA2B99971FA39E600021803A /* Build configuration list for PBXProject "JapaneseApp" */ = {
			isa = XCConfigurationList;
			buildConfigurations = (
				EA2B99C21FA39E600021803A /* Debug */,
				EA2B99C31FA39E600021803A /* Release */,
			);
			defaultConfigurationIsVisible = 0;
			defaultConfigurationName = Release;
		};
		EA2B99C41FA39E600021803A /* Build configuration list for PBXNativeTarget "JapaneseApp" */ = {
			isa = XCConfigurationList;
			buildConfigurations = (
				EA2B99C51FA39E600021803A /* Debug */,
				EA2B99C61FA39E600021803A /* Release */,
			);
			defaultConfigurationIsVisible = 0;
			defaultConfigurationName = Release;
		};
		EA2B99C71FA39E600021803A /* Build configuration list for PBXNativeTarget "JapaneseAppTests" */ = {
			isa = XCConfigurationList;
			buildConfigurations = (
				EA2B99C81FA39E600021803A /* Debug */,
				EA2B99C91FA39E600021803A /* Release */,
			);
			defaultConfigurationIsVisible = 0;
			defaultConfigurationName = Release;
		};
		EA2B99CA1FA39E600021803A /* Build configuration list for PBXNativeTarget "JapaneseAppUITests" */ = {
			isa = XCConfigurationList;
			buildConfigurations = (
				EA2B99CB1FA39E600021803A /* Debug */,
				EA2B99CC1FA39E600021803A /* Release */,
			);
			defaultConfigurationIsVisible = 0;
			defaultConfigurationName = Release;
		};
/* End XCConfigurationList section */
	};
	rootObject = EA2B99941FA39E600021803A /* Project object */;
}
